// !$*UTF8*$!
{
	archiveVersion = 1;
	classes = {
	};
	objectVersion = 60;
	objects = {

/* Begin PBXBuildFile section */
		193228BB2ACF6AC700966FE1 /* AppDelegate.swift in Sources */ = {isa = PBXBuildFile; fileRef = 193228BA2ACF6AC700966FE1 /* AppDelegate.swift */; };
		193228BD2ACF6AC700966FE1 /* SceneDelegate.swift in Sources */ = {isa = PBXBuildFile; fileRef = 193228BC2ACF6AC700966FE1 /* SceneDelegate.swift */; };
		193228C22ACF6AC700966FE1 /* Main.storyboard in Resources */ = {isa = PBXBuildFile; fileRef = 193228C02ACF6AC700966FE1 /* Main.storyboard */; };
		193228C42ACF6AC800966FE1 /* Assets.xcassets in Resources */ = {isa = PBXBuildFile; fileRef = 193228C32ACF6AC800966FE1 /* Assets.xcassets */; };
		193228C72ACF6AC800966FE1 /* LaunchScreen.storyboard in Resources */ = {isa = PBXBuildFile; fileRef = 193228C52ACF6AC800966FE1 /* LaunchScreen.storyboard */; };
		193228EC2ACF6B3400966FE1 /* MuxPlayerSwift in Frameworks */ = {isa = PBXBuildFile; productRef = 193228EB2ACF6B3400966FE1 /* MuxPlayerSwift */; };
		1966C5302BEB4740005486D5 /* ProcessInfo+EnvironmentVariables.swift in Sources */ = {isa = PBXBuildFile; fileRef = 1966C52F2BEB4740005486D5 /* ProcessInfo+EnvironmentVariables.swift */; };
		19DD16B42BEC048400F4DF4F /* SimpleVideoPlayerViewController.swift in Sources */ = {isa = PBXBuildFile; fileRef = 19DD16B52BEC048400F4DF4F /* SimpleVideoPlayerViewController.swift */; };
		19DD16B62BEC048500F4DF4F /* OfflineVideoManager.swift in Sources */ = {isa = PBXBuildFile; fileRef = 19DD16B72BEC048500F4DF4F /* OfflineVideoManager.swift */; };
/* End PBXBuildFile section */

/* Begin PBXFileReference section */
		193228B72ACF6AC700966FE1 /* OfflineSwiftMux.app */ = {isa = PBXFileReference; explicitFileType = wrapper.application; includeInIndex = 0; path = OfflineSwiftMux.app; sourceTree = BUILT_PRODUCTS_DIR; };
		193228BA2ACF6AC700966FE1 /* AppDelegate.swift */ = {isa = PBXFileReference; lastKnownFileType = sourcecode.swift; path = AppDelegate.swift; sourceTree = "<group>"; };
		193228BC2ACF6AC700966FE1 /* SceneDelegate.swift */ = {isa = PBXFileReference; lastKnownFileType = sourcecode.swift; path = SceneDelegate.swift; sourceTree = "<group>"; };
		193228C12ACF6AC700966FE1 /* Base */ = {isa = PBXFileReference; lastKnownFileType = file.storyboard; name = Base; path = Base.lproj/Main.storyboard; sourceTree = "<group>"; };
		193228C32ACF6AC800966FE1 /* Assets.xcassets */ = {isa = PBXFileReference; lastKnownFileType = folder.assetcatalog; path = Assets.xcassets; sourceTree = "<group>"; };
		193228C62ACF6AC800966FE1 /* Base */ = {isa = PBXFileReference; lastKnownFileType = file.storyboard; name = Base; path = Base.lproj/LaunchScreen.storyboard; sourceTree = "<group>"; };
		193228C82ACF6AC800966FE1 /* Info.plist */ = {isa = PBXFileReference; lastKnownFileType = text.plist.xml; path = Info.plist; sourceTree = "<group>"; };
		1966C52F2BEB4740005486D5 /* ProcessInfo+EnvironmentVariables.swift */ = {isa = PBXFileReference; lastKnownFileType = sourcecode.swift; path = "ProcessInfo+EnvironmentVariables.swift"; sourceTree = "<group>"; };
		19DD16B52BEC048400F4DF4F /* SimpleVideoPlayerViewController.swift */ = {isa = PBXFileReference; lastKnownFileType = sourcecode.swift; path = SimpleVideoPlayerViewController.swift; sourceTree = "<group>"; };
		19DD16B72BEC048500F4DF4F /* OfflineVideoManager.swift */ = {isa = PBXFileReference; lastKnownFileType = sourcecode.swift; path = OfflineVideoManager.swift; sourceTree = "<group>"; };
/* End PBXFileReference section */

/* Begin PBXFrameworksBuildPhase section */
		193228B42ACF6AC700966FE1 /* Frameworks */ = {
			isa = PBXFrameworksBuildPhase;
			buildActionMask = 2147483647;
			files = (
				193228EC2ACF6B3400966FE1 /* MuxPlayerSwift in Frameworks */,
			);
			runOnlyForDeploymentPostprocessing = 0;
		};
/* End PBXFrameworksBuildPhase section */

/* Begin PBXGroup section */
		193228AE2ACF6AC700966FE1 = {
			isa = PBXGroup;
			children = (
				193228B92ACF6AC700966FE1 /* OfflineSwiftMux */,
				193228B82ACF6AC700966FE1 /* Products */,
			);
			sourceTree = "<group>";
		};
		193228B82ACF6AC700966FE1 /* Products */ = {
			isa = PBXGroup;
			children = (
				193228B72ACF6AC700966FE1 /* OfflineSwiftMux.app */,
			);
			name = Products;
			sourceTree = "<group>";
		};
		193228B92ACF6AC700966FE1 /* OfflineSwiftMux */ = {
			isa = PBXGroup;
			children = (
				193228BA2ACF6AC700966FE1 /* AppDelegate.swift */,
				193228BC2ACF6AC700966FE1 /* SceneDelegate.swift */,
				19DD16B52BEC048400F4DF4F /* SimpleVideoPlayerViewController.swift */,
				19DD16B72BEC048500F4DF4F /* OfflineVideoManager.swift */,
				193228C02ACF6AC700966FE1 /* Main.storyboard */,
				193228C32ACF6AC800966FE1 /* Assets.xcassets */,
				193228C52ACF6AC800966FE1 /* LaunchScreen.storyboard */,
				193228C82ACF6AC800966FE1 /* Info.plist */,
				1966C52F2BEB4740005486D5 /* ProcessInfo+EnvironmentVariables.swift */,
			);
			path = OfflineSwiftMux;
			sourceTree = "<group>";
		};
/* End PBXGroup section */

/* Begin PBXNativeTarget section */
		193228B62ACF6AC700966FE1 /* OfflineSwiftMux */ = {
			isa = PBXNativeTarget;
			buildConfigurationList = 193228E12ACF6AC900966FE1 /* Build configuration list for PBXNativeTarget "OfflineSwiftMux" */;
			buildPhases = (
				193228B32ACF6AC700966FE1 /* Sources */,
				193228B42ACF6AC700966FE1 /* Frameworks */,
				193228B52ACF6AC700966FE1 /* Resources */,
			);
			buildRules = (
			);
			dependencies = (
			);
			name = OfflineSwiftMux;
			packageProductDependencies = (
				193228EB2ACF6B3400966FE1 /* MuxPlayerSwift */,
			);
			productName = OfflineSwiftMux;
			productReference = 193228B72ACF6AC700966FE1 /* OfflineSwiftMux.app */;
			productType = "com.apple.product-type.application";
		};
/* End PBXNativeTarget section */

/* Begin PBXProject section */
		193228AF2ACF6AC700966FE1 /* Project object */ = {
			isa = PBXProject;
			attributes = {
				BuildIndependentTargetsInParallel = 1;
				LastSwiftUpdateCheck = 1500;
				LastUpgradeCheck = 2620;
				TargetAttributes = {
					193228B62ACF6AC700966FE1 = {
						CreatedOnToolsVersion = 15.0;
					};
				};
			};
			buildConfigurationList = 193228B22ACF6AC700966FE1 /* Build configuration list for PBXProject "OfflineSwiftMux" */;
			compatibilityVersion = "Xcode 14.0";
			developmentRegion = en;
			hasScannedForEncodings = 0;
			knownRegions = (
				en,
				Base,
			);
			mainGroup = 193228AE2ACF6AC700966FE1;
			packageReferences = (
				193228EA2ACF6B3400966FE1 /* XCRemoteSwiftPackageReference "mux-player-swift" */,
			);
			productRefGroup = 193228B82ACF6AC700966FE1 /* Products */;
			projectDirPath = "";
			projectRoot = "";
			targets = (
				193228B62ACF6AC700966FE1 /* OfflineSwiftMux */,
			);
		};
/* End PBXProject section */

/* Begin PBXResourcesBuildPhase section */
		193228B52ACF6AC700966FE1 /* Resources */ = {
			isa = PBXResourcesBuildPhase;
			buildActionMask = 2147483647;
			files = (
				193228C72ACF6AC800966FE1 /* LaunchScreen.storyboard in Resources */,
				193228C42ACF6AC800966FE1 /* Assets.xcassets in Resources */,
				193228C22ACF6AC700966FE1 /* Main.storyboard in Resources */,
			);
			runOnlyForDeploymentPostprocessing = 0;
		};
/* End PBXResourcesBuildPhase section */

/* Begin PBXSourcesBuildPhase section */
		193228B32ACF6AC700966FE1 /* Sources */ = {
			isa = PBXSourcesBuildPhase;
			buildActionMask = 2147483647;
			files = (
				19DD16B42BEC048400F4DF4F /* SimpleVideoPlayerViewController.swift in Sources */,
				19DD16B62BEC048500F4DF4F /* OfflineVideoManager.swift in Sources */,
				193228BB2ACF6AC700966FE1 /* AppDelegate.swift in Sources */,
				1966C5302BEB4740005486D5 /* ProcessInfo+EnvironmentVariables.swift in Sources */,
				193228BD2ACF6AC700966FE1 /* SceneDelegate.swift in Sources */,
			);
			runOnlyForDeploymentPostprocessing = 0;
		};
/* End PBXSourcesBuildPhase section */

/* Begin PBXVariantGroup section */
		193228C02ACF6AC700966FE1 /* Main.storyboard */ = {
			isa = PBXVariantGroup;
			children = (
				193228C12ACF6AC700966FE1 /* Base */,
			);
			name = Main.storyboard;
			sourceTree = "<group>";
		};
		193228C52ACF6AC800966FE1 /* LaunchScreen.storyboard */ = {
			isa = PBXVariantGroup;
			children = (
				193228C62ACF6AC800966FE1 /* Base */,
			);
			name = LaunchScreen.storyboard;
			sourceTree = "<group>";
		};
/* End PBXVariantGroup section */

/* Begin XCBuildConfiguration section */
		193228DF2ACF6AC900966FE1 /* Debug */ = {
			isa = XCBuildConfiguration;
			buildSettings = {
				ALWAYS_SEARCH_USER_PATHS = NO;
				ASSETCATALOG_COMPILER_GENERATE_SWIFT_ASSET_SYMBOL_EXTENSIONS = YES;
				CLANG_ANALYZER_NONNULL = YES;
				CLANG_ANALYZER_NUMBER_OBJECT_CONVERSION = YES_AGGRESSIVE;
				CLANG_CXX_LANGUAGE_STANDARD = "gnu++20";
				CLANG_ENABLE_MODULES = YES;
				CLANG_ENABLE_OBJC_ARC = YES;
				CLANG_ENABLE_OBJC_WEAK = YES;
				CLANG_WARN_BLOCK_CAPTURE_AUTORELEASING = YES;
				CLANG_WARN_BOOL_CONVERSION = YES;
				CLANG_WARN_COMMA = YES;
				CLANG_WARN_CONSTANT_CONVERSION = YES;
				CLANG_WARN_DEPRECATED_OBJC_IMPLEMENTATIONS = YES;
				CLANG_WARN_DIRECT_OBJC_ISA_USAGE = YES_ERROR;
				CLANG_WARN_DOCUMENTATION_COMMENTS = YES;
				CLANG_WARN_EMPTY_BODY = YES;
				CLANG_WARN_ENUM_CONVERSION = YES;
				CLANG_WARN_INFINITE_RECURSION = YES;
				CLANG_WARN_INT_CONVERSION = YES;
				CLANG_WARN_NON_LITERAL_NULL_CONVERSION = YES;
				CLANG_WARN_OBJC_IMPLICIT_RETAIN_SELF = YES;
				CLANG_WARN_OBJC_LITERAL_CONVERSION = YES;
				CLANG_WARN_OBJC_ROOT_CLASS = YES_ERROR;
				CLANG_WARN_QUOTED_INCLUDE_IN_FRAMEWORK_HEADER = YES;
				CLANG_WARN_RANGE_LOOP_ANALYSIS = YES;
				CLANG_WARN_STRICT_PROTOTYPES = YES;
				CLANG_WARN_SUSPICIOUS_MOVE = YES;
				CLANG_WARN_UNGUARDED_AVAILABILITY = YES_AGGRESSIVE;
				CLANG_WARN_UNREACHABLE_CODE = YES;
				CLANG_WARN__DUPLICATE_METHOD_MATCH = YES;
				COPY_PHASE_STRIP = NO;
				DEBUG_INFORMATION_FORMAT = dwarf;
				DEVELOPMENT_TEAM = XX95P4Y787;
				ENABLE_STRICT_OBJC_MSGSEND = YES;
				ENABLE_TESTABILITY = YES;
				ENABLE_USER_SCRIPT_SANDBOXING = YES;
				GCC_C_LANGUAGE_STANDARD = gnu17;
				GCC_DYNAMIC_NO_PIC = NO;
				GCC_NO_COMMON_BLOCKS = YES;
				GCC_OPTIMIZATION_LEVEL = 0;
				GCC_PREPROCESSOR_DEFINITIONS = (
					"DEBUG=1",
					"$(inherited)",
				);
				GCC_WARN_64_TO_32_BIT_CONVERSION = YES;
				GCC_WARN_ABOUT_RETURN_TYPE = YES_ERROR;
				GCC_WARN_UNDECLARED_SELECTOR = YES;
				GCC_WARN_UNINITIALIZED_AUTOS = YES_AGGRESSIVE;
				GCC_WARN_UNUSED_FUNCTION = YES;
				GCC_WARN_UNUSED_VARIABLE = YES;
				IPHONEOS_DEPLOYMENT_TARGET = 17.0;
				LOCALIZATION_PREFERS_STRING_CATALOGS = YES;
				MTL_ENABLE_DEBUG_INFO = INCLUDE_SOURCE;
				MTL_FAST_MATH = YES;
				ONLY_ACTIVE_ARCH = YES;
				SDKROOT = iphoneos;
				STRING_CATALOG_GENERATE_SYMBOLS = YES;
				SWIFT_ACTIVE_COMPILATION_CONDITIONS = "DEBUG $(inherited)";
				SWIFT_OPTIMIZATION_LEVEL = "-Onone";
			};
			name = Debug;
		};
		193228E02ACF6AC900966FE1 /* Release */ = {
			isa = XCBuildConfiguration;
			buildSettings = {
				ALWAYS_SEARCH_USER_PATHS = NO;
				ASSETCATALOG_COMPILER_GENERATE_SWIFT_ASSET_SYMBOL_EXTENSIONS = YES;
				CLANG_ANALYZER_NONNULL = YES;
				CLANG_ANALYZER_NUMBER_OBJECT_CONVERSION = YES_AGGRESSIVE;
				CLANG_CXX_LANGUAGE_STANDARD = "gnu++20";
				CLANG_ENABLE_MODULES = YES;
				CLANG_ENABLE_OBJC_ARC = YES;
				CLANG_ENABLE_OBJC_WEAK = YES;
				CLANG_WARN_BLOCK_CAPTURE_AUTORELEASING = YES;
				CLANG_WARN_BOOL_CONVERSION = YES;
				CLANG_WARN_COMMA = YES;
				CLANG_WARN_CONSTANT_CONVERSION = YES;
				CLANG_WARN_DEPRECATED_OBJC_IMPLEMENTATIONS = YES;
				CLANG_WARN_DIRECT_OBJC_ISA_USAGE = YES_ERROR;
				CLANG_WARN_DOCUMENTATION_COMMENTS = YES;
				CLANG_WARN_EMPTY_BODY = YES;
				CLANG_WARN_ENUM_CONVERSION = YES;
				CLANG_WARN_INFINITE_RECURSION = YES;
				CLANG_WARN_INT_CONVERSION = YES;
				CLANG_WARN_NON_LITERAL_NULL_CONVERSION = YES;
				CLANG_WARN_OBJC_IMPLICIT_RETAIN_SELF = YES;
				CLANG_WARN_OBJC_LITERAL_CONVERSION = YES;
				CLANG_WARN_OBJC_ROOT_CLASS = YES_ERROR;
				CLANG_WARN_QUOTED_INCLUDE_IN_FRAMEWORK_HEADER = YES;
				CLANG_WARN_RANGE_LOOP_ANALYSIS = YES;
				CLANG_WARN_STRICT_PROTOTYPES = YES;
				CLANG_WARN_SUSPICIOUS_MOVE = YES;
				CLANG_WARN_UNGUARDED_AVAILABILITY = YES_AGGRESSIVE;
				CLANG_WARN_UNREACHABLE_CODE = YES;
				CLANG_WARN__DUPLICATE_METHOD_MATCH = YES;
				COPY_PHASE_STRIP = NO;
				DEBUG_INFORMATION_FORMAT = "dwarf-with-dsym";
				DEVELOPMENT_TEAM = XX95P4Y787;
				ENABLE_NS_ASSERTIONS = NO;
				ENABLE_STRICT_OBJC_MSGSEND = YES;
				ENABLE_USER_SCRIPT_SANDBOXING = YES;
				GCC_C_LANGUAGE_STANDARD = gnu17;
				GCC_NO_COMMON_BLOCKS = YES;
				GCC_WARN_64_TO_32_BIT_CONVERSION = YES;
				GCC_WARN_ABOUT_RETURN_TYPE = YES_ERROR;
				GCC_WARN_UNDECLARED_SELECTOR = YES;
				GCC_WARN_UNINITIALIZED_AUTOS = YES_AGGRESSIVE;
				GCC_WARN_UNUSED_FUNCTION = YES;
				GCC_WARN_UNUSED_VARIABLE = YES;
				IPHONEOS_DEPLOYMENT_TARGET = 17.0;
				LOCALIZATION_PREFERS_STRING_CATALOGS = YES;
				MTL_ENABLE_DEBUG_INFO = NO;
				MTL_FAST_MATH = YES;
				SDKROOT = iphoneos;
				STRING_CATALOG_GENERATE_SYMBOLS = YES;
				SWIFT_COMPILATION_MODE = wholemodule;
				VALIDATE_PRODUCT = YES;
			};
			name = Release;
		};
		193228E22ACF6AC900966FE1 /* Debug */ = {
			isa = XCBuildConfiguration;
			buildSettings = {
				ASSETCATALOG_COMPILER_APPICON_NAME = AppIcon;
				CODE_SIGN_IDENTITY = "Apple Development";
				CODE_SIGN_STYLE = Automatic;
				CURRENT_PROJECT_VERSION = 1;
				GENERATE_INFOPLIST_FILE = YES;
				INFOPLIST_FILE = OfflineSwiftMux/Info.plist;
				INFOPLIST_KEY_UIApplicationSupportsIndirectInputEvents = YES;
				INFOPLIST_KEY_UILaunchStoryboardName = LaunchScreen;
				INFOPLIST_KEY_UIMainStoryboardFile = Main;
				INFOPLIST_KEY_UISupportedInterfaceOrientations_iPad = "UIInterfaceOrientationPortrait UIInterfaceOrientationPortraitUpsideDown UIInterfaceOrientationLandscapeLeft UIInterfaceOrientationLandscapeRight";
				INFOPLIST_KEY_UISupportedInterfaceOrientations_iPhone = "UIInterfaceOrientationPortrait UIInterfaceOrientationLandscapeLeft UIInterfaceOrientationLandscapeRight";
				IPHONEOS_DEPLOYMENT_TARGET = 16.0;
				LD_RUNPATH_SEARCH_PATHS = (
					"$(inherited)",
					"@executable_path/Frameworks",
				);
				MARKETING_VERSION = 1.0;
				PRODUCT_BUNDLE_IDENTIFIER = com.regisa.OfflineSwiftMux;
				PRODUCT_NAME = "$(TARGET_NAME)";
				PROVISIONING_PROFILE_SPECIFIER = "";
				SWIFT_EMIT_LOC_STRINGS = YES;
				SWIFT_VERSION = 5.0;
				TARGETED_DEVICE_FAMILY = "1,2";
			};
			name = Debug;
		};
		193228E32ACF6AC900966FE1 /* Release */ = {
			isa = XCBuildConfiguration;
			buildSettings = {
				ASSETCATALOG_COMPILER_APPICON_NAME = AppIcon;
				CODE_SIGN_IDENTITY = "Apple Development";
				CODE_SIGN_STYLE = Automatic;
				CURRENT_PROJECT_VERSION = 1;
				GENERATE_INFOPLIST_FILE = YES;
				INFOPLIST_FILE = OfflineSwiftMux/Info.plist;
				INFOPLIST_KEY_UIApplicationSupportsIndirectInputEvents = YES;
				INFOPLIST_KEY_UILaunchStoryboardName = LaunchScreen;
				INFOPLIST_KEY_UIMainStoryboardFile = Main;
				INFOPLIST_KEY_UISupportedInterfaceOrientations_iPad = "UIInterfaceOrientationPortrait UIInterfaceOrientationPortraitUpsideDown UIInterfaceOrientationLandscapeLeft UIInterfaceOrientationLandscapeRight";
				INFOPLIST_KEY_UISupportedInterfaceOrientations_iPhone = "UIInterfaceOrientationPortrait UIInterfaceOrientationLandscapeLeft UIInterfaceOrientationLandscapeRight";
				IPHONEOS_DEPLOYMENT_TARGET = 16.0;
				LD_RUNPATH_SEARCH_PATHS = (
					"$(inherited)",
					"@executable_path/Frameworks",
				);
				MARKETING_VERSION = 1.0;
				PRODUCT_BUNDLE_IDENTIFIER = com.regisa.OfflineSwiftMux;
				PRODUCT_NAME = "$(TARGET_NAME)";
				PROVISIONING_PROFILE_SPECIFIER = "";
				SWIFT_EMIT_LOC_STRINGS = YES;
				SWIFT_VERSION = 5.0;
				TARGETED_DEVICE_FAMILY = "1,2";
			};
			name = Release;
		};
/* End XCBuildConfiguration section */

/* Begin XCConfigurationList section */
		193228B22ACF6AC700966FE1 /* Build configuration list for PBXProject "OfflineSwiftMux" */ = {
			isa = XCConfigurationList;
			buildConfigurations = (
				193228DF2ACF6AC900966FE1 /* Debug */,
				193228E02ACF6AC900966FE1 /* Release */,
			);
			defaultConfigurationIsVisible = 0;
			defaultConfigurationName = Release;
		};
		193228E12ACF6AC900966FE1 /* Build configuration list for PBXNativeTarget "OfflineSwiftMux" */ = {
			isa = XCConfigurationList;
			buildConfigurations = (
				193228E22ACF6AC900966FE1 /* Debug */,
				193228E32ACF6AC900966FE1 /* Release */,
			);
			defaultConfigurationIsVisible = 0;
			defaultConfigurationName = Release;
		};
/* End XCConfigurationList section */

/* Begin XCRemoteSwiftPackageReference section */
		193228EA2ACF6B3400966FE1 /* XCRemoteSwiftPackageReference "mux-player-swift" */ = {
			isa = XCRemoteSwiftPackageReference;
			repositoryURL = "https://github.com/muxinc/mux-player-swift";
			requirement = {
				kind = upToNextMajorVersion;
				minimumVersion = 1.0.0;
			};
		};
/* End XCRemoteSwiftPackageReference section */

/* Begin XCSwiftPackageProductDependency section */
		193228EB2ACF6B3400966FE1 /* MuxPlayerSwift */ = {
			isa = XCSwiftPackageProductDependency;
			package = 193228EA2ACF6B3400966FE1 /* XCRemoteSwiftPackageReference "mux-player-swift" */;
			productName = MuxPlayerSwift;
		};
/* End XCSwiftPackageProductDependency section */
	};
	rootObject = 193228AF2ACF6AC700966FE1 /* Project object */;
}
